{
  "name": "Admob",
  "lockfileVersion": 3,
  "requires": true,
  "packages": {
    "": {
      "name": "Admob",
      "dependencies": {
        "cocos-admob-ios": "^1.0.0"
      }
    },
    "node_modules/cocos-admob-ios": {
      "version": "1.1.1",
      "resolved": "https://registry.npmjs.org/cocos-admob-ios/-/cocos-admob-ios-1.1.1.tgz",
      "integrity": "sha512-Q4I07dCjGgWwPy47p/afSXI8zls5m7F3KCx3Dpn75ajsCpwJrNMcDf4nFgod7UJ+LEY7Jc4BcWm0TQA29R7R7Q=="
    }
  }
}
